
Microsoft Visual Studio Solution File, Format Version 12.00
# Visual Studio Version 17
VisualStudioVersion = 17.14.36109.1 d17.14
MinimumVisualStudioVersion = 10.0.40219.1
Project("{FAE04EC0-301F-11D3-BF4B-00C04F79EFBC}") = "DesafioDioDotnetETDD", "DesafioDioDotnetETDD.csproj", "{FD266B4C-2BDC-481F-8102-33D92B458B30}"
EndProject
Project("{FAE04EC0-301F-11D3-BF4B-00C04F79EFBC}") = "DesafioDioDotnetETDDTests", "..\DesafioDioDotnetETDDTests\DesafioDioDotnetETDDTests.csproj", "{ED050954-2E1C-43EA-9C33-6ACC593209AB}"
EndProject
Global
	GlobalSection(SolutionConfigurationPlatforms) = preSolution
		Debug|Any CPU = Debug|Any CPU
		Release|Any CPU = Release|Any CPU
	EndGlobalSection
	GlobalSection(ProjectConfigurationPlatforms) = postSolution
		{FD266B4C-2BDC-481F-8102-33D92B458B30}.Debug|Any CPU.ActiveCfg = Debug|Any CPU
		{FD266B4C-2BDC-481F-8102-33D92B458B30}.Debug|Any CPU.Build.0 = Debug|Any CPU
		{FD266B4C-2BDC-481F-8102-33D92B458B30}.Release|Any CPU.ActiveCfg = Release|Any CPU
		{FD266B4C-2BDC-481F-8102-33D92B458B30}.Release|Any CPU.Build.0 = Release|Any CPU
		{ED050954-2E1C-43EA-9C33-6ACC593209AB}.Debug|Any CPU.ActiveCfg = Debug|Any CPU
		{ED050954-2E1C-43EA-9C33-6ACC593209AB}.Debug|Any CPU.Build.0 = Debug|Any CPU
		{ED050954-2E1C-43EA-9C33-6ACC593209AB}.Release|Any CPU.ActiveCfg = Release|Any CPU
		{ED050954-2E1C-43EA-9C33-6ACC593209AB}.Release|Any CPU.Build.0 = Release|Any CPU
	EndGlobalSection
	GlobalSection(SolutionProperties) = preSolution
		HideSolutionNode = FALSE
	EndGlobalSection
	GlobalSection(ExtensibilityGlobals) = postSolution
		SolutionGuid = {482256EF-419D-427C-B485-50416301091E}
	EndGlobalSection
EndGlobal
